
Microsoft Visual Studio Solution File, Format Version 12.00
Project("{FAE04EC0-301F-11D3-BF4B-00C04F79EFBC}") = "Coplt.Sdl3", "Coplt.Sdl3\Coplt.Sdl3.csproj", "{49AE7606-01EA-4861-A6F8-7EBD28AD23F9}"
EndProject
Project("{FAE04EC0-301F-11D3-BF4B-00C04F79EFBC}") = "Test1", "Tests\Test1\Test1.csproj", "{79D48082-D77F-4171-8B84-4345E1EA2003}"
EndProject
Project("{2150E333-8FDC-42A3-9474-1A3956D46DE8}") = "Tests", "Tests", "{76BA4337-C930-4FC7-99C6-1D5F12C5DA1A}"
EndProject
Project("{2150E333-8FDC-42A3-9474-1A3956D46DE8}") = "Packages", "Packages", "{1F7929F4-583E-4575-8047-138690ED0A00}"
EndProject
Project("{FAE04EC0-301F-11D3-BF4B-00C04F79EFBC}") = "Coplt.Sdl3.Native.Win.x64", "Packages\Coplt.Sdl3.Native.Win.x64\Coplt.Sdl3.Native.Win.x64.csproj", "{AE85F7E0-98DF-4ABF-9116-18410A745EF1}"
EndProject
Project("{FAE04EC0-301F-11D3-BF4B-00C04F79EFBC}") = "Coplt.Sdl3.Native.Win.Arm64", "Packages\Coplt.Sdl3.Native.Win.Arm64\Coplt.Sdl3.Native.Win.Arm64.csproj", "{E01B20AA-BEF2-474B-819A-6DA1B7892E47}"
EndProject
Project("{FAE04EC0-301F-11D3-BF4B-00C04F79EFBC}") = "Coplt.Sdl3.Native.Linux.x64", "Packages\Coplt.Sdl3.Native.Linux.x64\Coplt.Sdl3.Native.Linux.x64.csproj", "{CAA350EE-93F9-4543-8DB2-FB5A2EDF8A67}"
EndProject
Project("{FAE04EC0-301F-11D3-BF4B-00C04F79EFBC}") = "Coplt.Sdl3.Native.Linux.Arm64", "Packages\Coplt.Sdl3.Native.Linux.Arm64\Coplt.Sdl3.Native.Linux.Arm64.csproj", "{FA4AF4F2-59AE-4F42-B20B-9446D9547045}"
EndProject
Project("{FAE04EC0-301F-11D3-BF4B-00C04F79EFBC}") = "Coplt.Sdl3.Native.Macos", "Packages\Coplt.Sdl3.Native.Macos\Coplt.Sdl3.Native.Macos.csproj", "{562E8232-934E-463D-AB0A-FF30970DC367}"
EndProject
Project("{FAE04EC0-301F-11D3-BF4B-00C04F79EFBC}") = "Test2", "Tests\Test2\Test2.csproj", "{6AB9CDCC-466B-4F34-8647-2C43492CEFFD}"
EndProject
Project("{FAE04EC0-301F-11D3-BF4B-00C04F79EFBC}") = "Coplt.Sdl3.Native", "Packages\Coplt.Sdl3.Native\Coplt.Sdl3.Native.csproj", "{FA44780F-6F7D-4062-94D7-517559CA9084}"
EndProject
Global
	GlobalSection(SolutionConfigurationPlatforms) = preSolution
		Debug|Any CPU = Debug|Any CPU
		Release|Any CPU = Release|Any CPU
	EndGlobalSection
	GlobalSection(ProjectConfigurationPlatforms) = postSolution
		{49AE7606-01EA-4861-A6F8-7EBD28AD23F9}.Debug|Any CPU.ActiveCfg = Debug|Any CPU
		{49AE7606-01EA-4861-A6F8-7EBD28AD23F9}.Debug|Any CPU.Build.0 = Debug|Any CPU
		{49AE7606-01EA-4861-A6F8-7EBD28AD23F9}.Release|Any CPU.ActiveCfg = Release|Any CPU
		{49AE7606-01EA-4861-A6F8-7EBD28AD23F9}.Release|Any CPU.Build.0 = Release|Any CPU
		{79D48082-D77F-4171-8B84-4345E1EA2003}.Debug|Any CPU.ActiveCfg = Debug|Any CPU
		{79D48082-D77F-4171-8B84-4345E1EA2003}.Debug|Any CPU.Build.0 = Debug|Any CPU
		{79D48082-D77F-4171-8B84-4345E1EA2003}.Release|Any CPU.ActiveCfg = Release|Any CPU
		{79D48082-D77F-4171-8B84-4345E1EA2003}.Release|Any CPU.Build.0 = Release|Any CPU
		{AE85F7E0-98DF-4ABF-9116-18410A745EF1}.Debug|Any CPU.ActiveCfg = Debug|Any CPU
		{AE85F7E0-98DF-4ABF-9116-18410A745EF1}.Debug|Any CPU.Build.0 = Debug|Any CPU
		{AE85F7E0-98DF-4ABF-9116-18410A745EF1}.Release|Any CPU.ActiveCfg = Release|Any CPU
		{AE85F7E0-98DF-4ABF-9116-18410A745EF1}.Release|Any CPU.Build.0 = Release|Any CPU
		{E01B20AA-BEF2-474B-819A-6DA1B7892E47}.Debug|Any CPU.ActiveCfg = Debug|Any CPU
		{E01B20AA-BEF2-474B-819A-6DA1B7892E47}.Debug|Any CPU.Build.0 = Debug|Any CPU
		{E01B20AA-BEF2-474B-819A-6DA1B7892E47}.Release|Any CPU.ActiveCfg = Release|Any CPU
		{E01B20AA-BEF2-474B-819A-6DA1B7892E47}.Release|Any CPU.Build.0 = Release|Any CPU
		{CAA350EE-93F9-4543-8DB2-FB5A2EDF8A67}.Debug|Any CPU.ActiveCfg = Debug|Any CPU
		{CAA350EE-93F9-4543-8DB2-FB5A2EDF8A67}.Debug|Any CPU.Build.0 = Debug|Any CPU
		{CAA350EE-93F9-4543-8DB2-FB5A2EDF8A67}.Release|Any CPU.ActiveCfg = Release|Any CPU
		{CAA350EE-93F9-4543-8DB2-FB5A2EDF8A67}.Release|Any CPU.Build.0 = Release|Any CPU
		{FA4AF4F2-59AE-4F42-B20B-9446D9547045}.Debug|Any CPU.ActiveCfg = Debug|Any CPU
		{FA4AF4F2-59AE-4F42-B20B-9446D9547045}.Debug|Any CPU.Build.0 = Debug|Any CPU
		{FA4AF4F2-59AE-4F42-B20B-9446D9547045}.Release|Any CPU.ActiveCfg = Release|Any CPU
		{FA4AF4F2-59AE-4F42-B20B-9446D9547045}.Release|Any CPU.Build.0 = Release|Any CPU
		{562E8232-934E-463D-AB0A-FF30970DC367}.Debug|Any CPU.ActiveCfg = Debug|Any CPU
		{562E8232-934E-463D-AB0A-FF30970DC367}.Debug|Any CPU.Build.0 = Debug|Any CPU
		{562E8232-934E-463D-AB0A-FF30970DC367}.Release|Any CPU.ActiveCfg = Release|Any CPU
		{562E8232-934E-463D-AB0A-FF30970DC367}.Release|Any CPU.Build.0 = Release|Any CPU
		{6AB9CDCC-466B-4F34-8647-2C43492CEFFD}.Debug|Any CPU.ActiveCfg = Debug|Any CPU
		{6AB9CDCC-466B-4F34-8647-2C43492CEFFD}.Debug|Any CPU.Build.0 = Debug|Any CPU
		{6AB9CDCC-466B-4F34-8647-2C43492CEFFD}.Release|Any CPU.ActiveCfg = Release|Any CPU
		{6AB9CDCC-466B-4F34-8647-2C43492CEFFD}.Release|Any CPU.Build.0 = Release|Any CPU
		{FA44780F-6F7D-4062-94D7-517559CA9084}.Debug|Any CPU.ActiveCfg = Debug|Any CPU
		{FA44780F-6F7D-4062-94D7-517559CA9084}.Debug|Any CPU.Build.0 = Debug|Any CPU
		{FA44780F-6F7D-4062-94D7-517559CA9084}.Release|Any CPU.ActiveCfg = Release|Any CPU
		{FA44780F-6F7D-4062-94D7-517559CA9084}.Release|Any CPU.Build.0 = Release|Any CPU
	EndGlobalSection
	GlobalSection(NestedProjects) = preSolution
		{79D48082-D77F-4171-8B84-4345E1EA2003} = {76BA4337-C930-4FC7-99C6-1D5F12C5DA1A}
		{AE85F7E0-98DF-4ABF-9116-18410A745EF1} = {1F7929F4-583E-4575-8047-138690ED0A00}
		{E01B20AA-BEF2-474B-819A-6DA1B7892E47} = {1F7929F4-583E-4575-8047-138690ED0A00}
		{CAA350EE-93F9-4543-8DB2-FB5A2EDF8A67} = {1F7929F4-583E-4575-8047-138690ED0A00}
		{FA4AF4F2-59AE-4F42-B20B-9446D9547045} = {1F7929F4-583E-4575-8047-138690ED0A00}
		{562E8232-934E-463D-AB0A-FF30970DC367} = {1F7929F4-583E-4575-8047-138690ED0A00}
		{6AB9CDCC-466B-4F34-8647-2C43492CEFFD} = {76BA4337-C930-4FC7-99C6-1D5F12C5DA1A}
		{FA44780F-6F7D-4062-94D7-517559CA9084} = {1F7929F4-583E-4575-8047-138690ED0A00}
	EndGlobalSection
EndGlobal
